
Microsoft Visual Studio Solution File, Format Version 12.00
# Visual Studio Version 16
VisualStudioVersion = 16.0.33423.256
MinimumVisualStudioVersion = 10.0.40219.1
Project("{FAE04EC0-301F-11D3-BF4B-00C04F79EFBC}") = "laboratorio3", "laboratorio3\laboratorio3.csproj", "{91713471-7CBC-4275-9588-6D862B798D57}"
EndProject
Global
	GlobalSection(SolutionConfigurationPlatforms) = preSolution
		Debug|Any CPU = Debug|Any CPU
		Release|Any CPU = Release|Any CPU
	EndGlobalSection
	GlobalSection(ProjectConfigurationPlatforms) = postSolution
		{91713471-7CBC-4275-9588-6D862B798D57}.Debug|Any CPU.ActiveCfg = Debug|Any CPU
		{91713471-7CBC-4275-9588-6D862B798D57}.Debug|Any CPU.Build.0 = Debug|Any CPU
		{91713471-7CBC-4275-9588-6D862B798D57}.Release|Any CPU.ActiveCfg = Release|Any CPU
		{91713471-7CBC-4275-9588-6D862B798D57}.Release|Any CPU.Build.0 = Release|Any CPU
	EndGlobalSection
	GlobalSection(SolutionProperties) = preSolution
		HideSolutionNode = FALSE
	EndGlobalSection
	GlobalSection(ExtensibilityGlobals) = postSolution
		SolutionGuid = {8D8EA775-C647-449E-8AD9-C5EE50F64A25}
	EndGlobalSection
EndGlobal
