
Microsoft Visual Studio Solution File, Format Version 12.00
# Visual Studio Version 17
VisualStudioVersion = 17.5.33516.290
MinimumVisualStudioVersion = 10.0.40219.1
Project("{FAE04EC0-301F-11D3-BF4B-00C04F79EFBC}") = "MyMath", "MyMath\MyMath.csproj", "{EAB477B6-6834-4C11-B3EB-EEA4EE146EB2}"
EndProject
Project("{FAE04EC0-301F-11D3-BF4B-00C04F79EFBC}") = "MathTests", "MathTests\MathTests.csproj", "{D059B978-E2A9-4413-AF7C-C9632BCD9BC9}"
EndProject
Global
	GlobalSection(SolutionConfigurationPlatforms) = preSolution
		Debug|Any CPU = Debug|Any CPU
		Release|Any CPU = Release|Any CPU
	EndGlobalSection
	GlobalSection(ProjectConfigurationPlatforms) = postSolution
		{EAB477B6-6834-4C11-B3EB-EEA4EE146EB2}.Debug|Any CPU.ActiveCfg = Debug|Any CPU
		{EAB477B6-6834-4C11-B3EB-EEA4EE146EB2}.Debug|Any CPU.Build.0 = Debug|Any CPU
		{EAB477B6-6834-4C11-B3EB-EEA4EE146EB2}.Release|Any CPU.ActiveCfg = Release|Any CPU
		{EAB477B6-6834-4C11-B3EB-EEA4EE146EB2}.Release|Any CPU.Build.0 = Release|Any CPU
		{D059B978-E2A9-4413-AF7C-C9632BCD9BC9}.Debug|Any CPU.ActiveCfg = Debug|Any CPU
		{D059B978-E2A9-4413-AF7C-C9632BCD9BC9}.Debug|Any CPU.Build.0 = Debug|Any CPU
		{D059B978-E2A9-4413-AF7C-C9632BCD9BC9}.Release|Any CPU.ActiveCfg = Release|Any CPU
		{D059B978-E2A9-4413-AF7C-C9632BCD9BC9}.Release|Any CPU.Build.0 = Release|Any CPU
	EndGlobalSection
	GlobalSection(SolutionProperties) = preSolution
		HideSolutionNode = FALSE
	EndGlobalSection
	GlobalSection(ExtensibilityGlobals) = postSolution
		SolutionGuid = {12E79CE7-F48B-41D1-A10E-2DFA60E8D1F7}
	EndGlobalSection
EndGlobal
